
Microsoft Visual Studio Solution File, Format Version 12.00
# Visual Studio Version 17
VisualStudioVersion = 17.1.32319.34
MinimumVisualStudioVersion = 10.0.40219.1
Project("{FAE04EC0-301F-11D3-BF4B-00C04F79EFBC}") = "bookstore-csharp", "bookstore-csharp\bookstore-csharp.csproj", "{D641DC4E-2BE3-4F4E-82B8-DAB59830FB28}"
EndProject
Global
	GlobalSection(SolutionConfigurationPlatforms) = preSolution
		Debug|Any CPU = Debug|Any CPU
		Release|Any CPU = Release|Any CPU
	EndGlobalSection
	GlobalSection(ProjectConfigurationPlatforms) = postSolution
		{D641DC4E-2BE3-4F4E-82B8-DAB59830FB28}.Debug|Any CPU.ActiveCfg = Debug|Any CPU
		{D641DC4E-2BE3-4F4E-82B8-DAB59830FB28}.Debug|Any CPU.Build.0 = Debug|Any CPU
		{D641DC4E-2BE3-4F4E-82B8-DAB59830FB28}.Release|Any CPU.ActiveCfg = Release|Any CPU
		{D641DC4E-2BE3-4F4E-82B8-DAB59830FB28}.Release|Any CPU.Build.0 = Release|Any CPU
	EndGlobalSection
	GlobalSection(SolutionProperties) = preSolution
		HideSolutionNode = FALSE
	EndGlobalSection
	GlobalSection(ExtensibilityGlobals) = postSolution
		SolutionGuid = {C26B6742-8315-4550-AA4C-3E32EDACD360}
	EndGlobalSection
EndGlobal
